
Microsoft Visual Studio Solution File, Format Version 11.00
# Visual Studio 2010
Project("{FAE04EC0-301F-11D3-BF4B-00C04F79EFBC}") = "Tests", "src\Tests\Tests.csproj", "{8F5B06CE-28B3-4B27-9E20-207AB0F1269A}"
EndProject
Project("{FAE04EC0-301F-11D3-BF4B-00C04F79EFBC}") = "Web", "src\Web\Web.csproj", "{EF77789A-FDFC-4F87-9A48-77FE3237664F}"
EndProject
Global
	GlobalSection(SolutionConfigurationPlatforms) = preSolution
		Debug|Any CPU = Debug|Any CPU
		Release|Any CPU = Release|Any CPU
	EndGlobalSection
	GlobalSection(ProjectConfigurationPlatforms) = postSolution
		{8F5B06CE-28B3-4B27-9E20-207AB0F1269A}.Debug|Any CPU.ActiveCfg = Debug|Any CPU
		{8F5B06CE-28B3-4B27-9E20-207AB0F1269A}.Debug|Any CPU.Build.0 = Debug|Any CPU
		{8F5B06CE-28B3-4B27-9E20-207AB0F1269A}.Release|Any CPU.ActiveCfg = Release|Any CPU
		{8F5B06CE-28B3-4B27-9E20-207AB0F1269A}.Release|Any CPU.Build.0 = Release|Any CPU
		{EF77789A-FDFC-4F87-9A48-77FE3237664F}.Debug|Any CPU.ActiveCfg = Debug|Any CPU
		{EF77789A-FDFC-4F87-9A48-77FE3237664F}.Debug|Any CPU.Build.0 = Debug|Any CPU
		{EF77789A-FDFC-4F87-9A48-77FE3237664F}.Release|Any CPU.ActiveCfg = Release|Any CPU
		{EF77789A-FDFC-4F87-9A48-77FE3237664F}.Release|Any CPU.Build.0 = Release|Any CPU
	EndGlobalSection
	GlobalSection(SolutionProperties) = preSolution
		HideSolutionNode = FALSE
	EndGlobalSection
EndGlobal
